// !$*UTF8*$!
{
	archiveVersion = 1;
	classes = {
	};
	objectVersion = 50;
	objects = {

/* Begin PBXBuildFile section */
		499A52AE214201550040408D /* AppDelegate.swift in Sources */ = {isa = PBXBuildFile; fileRef = 499A52AD214201550040408D /* AppDelegate.swift */; };
		499A52B3214201550040408D /* Main.storyboard in Resources */ = {isa = PBXBuildFile; fileRef = 499A52B1214201550040408D /* Main.storyboard */; };
		499A52B5214201560040408D /* Assets.xcassets in Resources */ = {isa = PBXBuildFile; fileRef = 499A52B4214201560040408D /* Assets.xcassets */; };
		499A52B8214201560040408D /* LaunchScreen.storyboard in Resources */ = {isa = PBXBuildFile; fileRef = 499A52B6214201560040408D /* LaunchScreen.storyboard */; };
		499A52C3214201560040408D /* MovieFlixTests.swift in Sources */ = {isa = PBXBuildFile; fileRef = 499A52C2214201560040408D /* MovieFlixTests.swift */; };
		499A52CE214201560040408D /* MovieFlixUITests.swift in Sources */ = {isa = PBXBuildFile; fileRef = 499A52CD214201560040408D /* MovieFlixUITests.swift */; };
		499A52DE2143041C0040408D /* NowPlayingViewController.swift in Sources */ = {isa = PBXBuildFile; fileRef = 499A52DD2143041C0040408D /* NowPlayingViewController.swift */; };
		49F39673214476A4003C863E /* MovieCell.swift in Sources */ = {isa = PBXBuildFile; fileRef = 49F39672214476A4003C863E /* MovieCell.swift */; };
		69C3F08E0BD2E71067A5F66A /* Pods_MovieFlix_MovieFlixTests.framework in Frameworks */ = {isa = PBXBuildFile; fileRef = 178503BA36B5B0F134A29042 /* Pods_MovieFlix_MovieFlixTests.framework */; };
		75441A9608B2158080C1BF99 /* Pods_MovieFlixUITests.framework in Frameworks */ = {isa = PBXBuildFile; fileRef = 613AC396501D0F54B82EDEB3 /* Pods_MovieFlixUITests.framework */; };
		F5ACFB548CFAA2490CD3E0EE /* Pods_MovieFlix.framework in Frameworks */ = {isa = PBXBuildFile; fileRef = 974D75C1F4380F0AC6AB30A2 /* Pods_MovieFlix.framework */; };
/* End PBXBuildFile section */

/* Begin PBXContainerItemProxy section */
		499A52BF214201560040408D /* PBXContainerItemProxy */ = {
			isa = PBXContainerItemProxy;
			containerPortal = 499A52A2214201550040408D /* Project object */;
			proxyType = 1;
			remoteGlobalIDString = 499A52A9214201550040408D;
			remoteInfo = MovieFlix;
		};
		499A52CA214201560040408D /* PBXContainerItemProxy */ = {
			isa = PBXContainerItemProxy;
			containerPortal = 499A52A2214201550040408D /* Project object */;
			proxyType = 1;
			remoteGlobalIDString = 499A52A9214201550040408D;
			remoteInfo = MovieFlix;
		};
/* End PBXContainerItemProxy section */

/* Begin PBXFileReference section */
		178503BA36B5B0F134A29042 /* Pods_MovieFlix_MovieFlixTests.framework */ = {isa = PBXFileReference; explicitFileType = wrapper.framework; includeInIndex = 0; path = Pods_MovieFlix_MovieFlixTests.framework; sourceTree = BUILT_PRODUCTS_DIR; };
		1B0C9F2847804D5BB35B7B80 /* Pods-MovieFlix-MovieFlixTests.release.xcconfig */ = {isa = PBXFileReference; includeInIndex = 1; lastKnownFileType = text.xcconfig; name = "Pods-MovieFlix-MovieFlixTests.release.xcconfig"; path = "Pods/Target Support Files/Pods-MovieFlix-MovieFlixTests/Pods-MovieFlix-MovieFlixTests.release.xcconfig"; sourceTree = "<group>"; };
		499A52AA214201550040408D /* MovieFlix.app */ = {isa = PBXFileReference; explicitFileType = wrapper.application; includeInIndex = 0; path = MovieFlix.app; sourceTree = BUILT_PRODUCTS_DIR; };
		499A52AD214201550040408D /* AppDelegate.swift */ = {isa = PBXFileReference; lastKnownFileType = sourcecode.swift; path = AppDelegate.swift; sourceTree = "<group>"; };
		499A52B2214201550040408D /* Base */ = {isa = PBXFileReference; lastKnownFileType = file.storyboard; name = Base; path = Base.lproj/Main.storyboard; sourceTree = "<group>"; };
		499A52B4214201560040408D /* Assets.xcassets */ = {isa = PBXFileReference; lastKnownFileType = folder.assetcatalog; path = Assets.xcassets; sourceTree = "<group>"; };
		499A52B7214201560040408D /* Base */ = {isa = PBXFileReference; lastKnownFileType = file.storyboard; name = Base; path = Base.lproj/LaunchScreen.storyboard; sourceTree = "<group>"; };
		499A52B9214201560040408D /* Info.plist */ = {isa = PBXFileReference; lastKnownFileType = text.plist.xml; path = Info.plist; sourceTree = "<group>"; };
		499A52BE214201560040408D /* MovieFlixTests.xctest */ = {isa = PBXFileReference; explicitFileType = wrapper.cfbundle; includeInIndex = 0; path = MovieFlixTests.xctest; sourceTree = BUILT_PRODUCTS_DIR; };
		499A52C2214201560040408D /* MovieFlixTests.swift */ = {isa = PBXFileReference; lastKnownFileType = sourcecode.swift; path = MovieFlixTests.swift; sourceTree = "<group>"; };
		499A52C4214201560040408D /* Info.plist */ = {isa = PBXFileReference; lastKnownFileType = text.plist.xml; path = Info.plist; sourceTree = "<group>"; };
		499A52C9214201560040408D /* MovieFlixUITests.xctest */ = {isa = PBXFileReference; explicitFileType = wrapper.cfbundle; includeInIndex = 0; path = MovieFlixUITests.xctest; sourceTree = BUILT_PRODUCTS_DIR; };
		499A52CD214201560040408D /* MovieFlixUITests.swift */ = {isa = PBXFileReference; lastKnownFileType = sourcecode.swift; path = MovieFlixUITests.swift; sourceTree = "<group>"; };
		499A52CF214201560040408D /* Info.plist */ = {isa = PBXFileReference; lastKnownFileType = text.plist.xml; path = Info.plist; sourceTree = "<group>"; };
		499A52DD2143041C0040408D /* NowPlayingViewController.swift */ = {isa = PBXFileReference; lastKnownFileType = sourcecode.swift; path = NowPlayingViewController.swift; sourceTree = "<group>"; };
		49F39672214476A4003C863E /* MovieCell.swift */ = {isa = PBXFileReference; lastKnownFileType = sourcecode.swift; path = MovieCell.swift; sourceTree = "<group>"; };
		60C0AD90858198468B494161 /* Pods-MovieFlixUITests.debug.xcconfig */ = {isa = PBXFileReference; includeInIndex = 1; lastKnownFileType = text.xcconfig; name = "Pods-MovieFlixUITests.debug.xcconfig"; path = "Pods/Target Support Files/Pods-MovieFlixUITests/Pods-MovieFlixUITests.debug.xcconfig"; sourceTree = "<group>"; };
		613AC396501D0F54B82EDEB3 /* Pods_MovieFlixUITests.framework */ = {isa = PBXFileReference; explicitFileType = wrapper.framework; includeInIndex = 0; path = Pods_MovieFlixUITests.framework; sourceTree = BUILT_PRODUCTS_DIR; };
		974D75C1F4380F0AC6AB30A2 /* Pods_MovieFlix.framework */ = {isa = PBXFileReference; explicitFileType = wrapper.framework; includeInIndex = 0; path = Pods_MovieFlix.framework; sourceTree = BUILT_PRODUCTS_DIR; };
		E0F7A07B2B8D13A2E61E88AA /* Pods-MovieFlix.debug.xcconfig */ = {isa = PBXFileReference; includeInIndex = 1; lastKnownFileType = text.xcconfig; name = "Pods-MovieFlix.debug.xcconfig"; path = "Pods/Target Support Files/Pods-MovieFlix/Pods-MovieFlix.debug.xcconfig"; sourceTree = "<group>"; };
		EF2E12574830C075D5B3F4E4 /* Pods-MovieFlixUITests.release.xcconfig */ = {isa = PBXFileReference; includeInIndex = 1; lastKnownFileType = text.xcconfig; name = "Pods-MovieFlixUITests.release.xcconfig"; path = "Pods/Target Support Files/Pods-MovieFlixUITests/Pods-MovieFlixUITests.release.xcconfig"; sourceTree = "<group>"; };
		F16925D179CB90E0D5853309 /* Pods-MovieFlix.release.xcconfig */ = {isa = PBXFileReference; includeInIndex = 1; lastKnownFileType = text.xcconfig; name = "Pods-MovieFlix.release.xcconfig"; path = "Pods/Target Support Files/Pods-MovieFlix/Pods-MovieFlix.release.xcconfig"; sourceTree = "<group>"; };
		F6130CB3499004110DF36401 /* Pods-MovieFlix-MovieFlixTests.debug.xcconfig */ = {isa = PBXFileReference; includeInIndex = 1; lastKnownFileType = text.xcconfig; name = "Pods-MovieFlix-MovieFlixTests.debug.xcconfig"; path = "Pods/Target Support Files/Pods-MovieFlix-MovieFlixTests/Pods-MovieFlix-MovieFlixTests.debug.xcconfig"; sourceTree = "<group>"; };
/* End PBXFileReference section */

/* Begin PBXFrameworksBuildPhase section */
		499A52A7214201550040408D /* Frameworks */ = {
			isa = PBXFrameworksBuildPhase;
			buildActionMask = 2147483647;
			files = (
				F5ACFB548CFAA2490CD3E0EE /* Pods_MovieFlix.framework in Frameworks */,
			);
			runOnlyForDeploymentPostprocessing = 0;
		};
		499A52BB214201560040408D /* Frameworks */ = {
			isa = PBXFrameworksBuildPhase;
			buildActionMask = 2147483647;
			files = (
				69C3F08E0BD2E71067A5F66A /* Pods_MovieFlix_MovieFlixTests.framework in Frameworks */,
			);
			runOnlyForDeploymentPostprocessing = 0;
		};
		499A52C6214201560040408D /* Frameworks */ = {
			isa = PBXFrameworksBuildPhase;
			buildActionMask = 2147483647;
			files = (
				75441A9608B2158080C1BF99 /* Pods_MovieFlixUITests.framework in Frameworks */,
			);
			runOnlyForDeploymentPostprocessing = 0;
		};
/* End PBXFrameworksBuildPhase section */

/* Begin PBXGroup section */
		499A52A1214201550040408D = {
			isa = PBXGroup;
			children = (
				499A52AC214201550040408D /* MovieFlix */,
				499A52C1214201560040408D /* MovieFlixTests */,
				499A52CC214201560040408D /* MovieFlixUITests */,
				499A52AB214201550040408D /* Products */,
				5281DD7CF99E46F6D358E6C5 /* Pods */,
				6C81D263065B1252D1400F0D /* Frameworks */,
			);
			sourceTree = "<group>";
		};
		499A52AB214201550040408D /* Products */ = {
			isa = PBXGroup;
			children = (
				499A52AA214201550040408D /* MovieFlix.app */,
				499A52BE214201560040408D /* MovieFlixTests.xctest */,
				499A52C9214201560040408D /* MovieFlixUITests.xctest */,
			);
			name = Products;
			sourceTree = "<group>";
		};
		499A52AC214201550040408D /* MovieFlix */ = {
			isa = PBXGroup;
			children = (
				499A52AD214201550040408D /* AppDelegate.swift */,
				499A52DD2143041C0040408D /* NowPlayingViewController.swift */,
				499A52B1214201550040408D /* Main.storyboard */,
				499A52B4214201560040408D /* Assets.xcassets */,
				499A52B6214201560040408D /* LaunchScreen.storyboard */,
				499A52B9214201560040408D /* Info.plist */,
				49F39672214476A4003C863E /* MovieCell.swift */,
			);
			path = MovieFlix;
			sourceTree = "<group>";
		};
		499A52C1214201560040408D /* MovieFlixTests */ = {
			isa = PBXGroup;
			children = (
				499A52C2214201560040408D /* MovieFlixTests.swift */,
				499A52C4214201560040408D /* Info.plist */,
			);
			path = MovieFlixTests;
			sourceTree = "<group>";
		};
		499A52CC214201560040408D /* MovieFlixUITests */ = {
			isa = PBXGroup;
			children = (
				499A52CD214201560040408D /* MovieFlixUITests.swift */,
				499A52CF214201560040408D /* Info.plist */,
			);
			path = MovieFlixUITests;
			sourceTree = "<group>";
		};
		5281DD7CF99E46F6D358E6C5 /* Pods */ = {
			isa = PBXGroup;
			children = (
				E0F7A07B2B8D13A2E61E88AA /* Pods-MovieFlix.debug.xcconfig */,
				F16925D179CB90E0D5853309 /* Pods-MovieFlix.release.xcconfig */,
				F6130CB3499004110DF36401 /* Pods-MovieFlix-MovieFlixTests.debug.xcconfig */,
				1B0C9F2847804D5BB35B7B80 /* Pods-MovieFlix-MovieFlixTests.release.xcconfig */,
				60C0AD90858198468B494161 /* Pods-MovieFlixUITests.debug.xcconfig */,
				EF2E12574830C075D5B3F4E4 /* Pods-MovieFlixUITests.release.xcconfig */,
			);
			name = Pods;
			sourceTree = "<group>";
		};
		6C81D263065B1252D1400F0D /* Frameworks */ = {
			isa = PBXGroup;
			children = (
				974D75C1F4380F0AC6AB30A2 /* Pods_MovieFlix.framework */,
				178503BA36B5B0F134A29042 /* Pods_MovieFlix_MovieFlixTests.framework */,
				613AC396501D0F54B82EDEB3 /* Pods_MovieFlixUITests.framework */,
			);
			name = Frameworks;
			sourceTree = "<group>";
		};
/* End PBXGroup section */

/* Begin PBXNativeTarget section */
		499A52A9214201550040408D /* MovieFlix */ = {
			isa = PBXNativeTarget;
			buildConfigurationList = 499A52D2214201560040408D /* Build configuration list for PBXNativeTarget "MovieFlix" */;
			buildPhases = (
				7FD664AAE91CD6E32FE2FFC0 /* [CP] Check Pods Manifest.lock */,
				499A52A6214201550040408D /* Sources */,
				499A52A7214201550040408D /* Frameworks */,
				499A52A8214201550040408D /* Resources */,
				5CD36FC0C4AA78AEE6CA090E /* [CP] Embed Pods Frameworks */,
			);
			buildRules = (
			);
			dependencies = (
			);
			name = MovieFlix;
			productName = MovieFlix;
			productReference = 499A52AA214201550040408D /* MovieFlix.app */;
			productType = "com.apple.product-type.application";
		};
		499A52BD214201560040408D /* MovieFlixTests */ = {
			isa = PBXNativeTarget;
			buildConfigurationList = 499A52D5214201560040408D /* Build configuration list for PBXNativeTarget "MovieFlixTests" */;
			buildPhases = (
				15200D40777646121BE20210 /* [CP] Check Pods Manifest.lock */,
				499A52BA214201560040408D /* Sources */,
				499A52BB214201560040408D /* Frameworks */,
				499A52BC214201560040408D /* Resources */,
				F3C265243E3A9018916F3DFE /* [CP] Embed Pods Frameworks */,
			);
			buildRules = (
			);
			dependencies = (
				499A52C0214201560040408D /* PBXTargetDependency */,
			);
			name = MovieFlixTests;
			productName = MovieFlixTests;
			productReference = 499A52BE214201560040408D /* MovieFlixTests.xctest */;
			productType = "com.apple.product-type.bundle.unit-test";
		};
		499A52C8214201560040408D /* MovieFlixUITests */ = {
			isa = PBXNativeTarget;
			buildConfigurationList = 499A52D8214201560040408D /* Build configuration list for PBXNativeTarget "MovieFlixUITests" */;
			buildPhases = (
				7F65C1D686CA51682AA773E0 /* [CP] Check Pods Manifest.lock */,
				499A52C5214201560040408D /* Sources */,
				499A52C6214201560040408D /* Frameworks */,
				499A52C7214201560040408D /* Resources */,
			);
			buildRules = (
			);
			dependencies = (
				499A52CB214201560040408D /* PBXTargetDependency */,
			);
			name = MovieFlixUITests;
			productName = MovieFlixUITests;
			productReference = 499A52C9214201560040408D /* MovieFlixUITests.xctest */;
			productType = "com.apple.product-type.bundle.ui-testing";
		};
/* End PBXNativeTarget section */

/* Begin PBXProject section */
		499A52A2214201550040408D /* Project object */ = {
			isa = PBXProject;
			attributes = {
				LastSwiftUpdateCheck = 0940;
				LastUpgradeCheck = 0940;
				ORGANIZATIONNAME = "Claudia Nelson";
				TargetAttributes = {
					499A52A9214201550040408D = {
						CreatedOnToolsVersion = 9.4.1;
					};
					499A52BD214201560040408D = {
						CreatedOnToolsVersion = 9.4.1;
						TestTargetID = 499A52A9214201550040408D;
					};
					499A52C8214201560040408D = {
						CreatedOnToolsVersion = 9.4.1;
						TestTargetID = 499A52A9214201550040408D;
					};
				};
			};
			buildConfigurationList = 499A52A5214201550040408D /* Build configuration list for PBXProject "MovieFlix" */;
			compatibilityVersion = "Xcode 9.3";
			developmentRegion = en;
			hasScannedForEncodings = 0;
			knownRegions = (
				en,
				Base,
			);
			mainGroup = 499A52A1214201550040408D;
			productRefGroup = 499A52AB214201550040408D /* Products */;
			projectDirPath = "";
			projectRoot = "";
			targets = (
				499A52A9214201550040408D /* MovieFlix */,
				499A52BD214201560040408D /* MovieFlixTests */,
				499A52C8214201560040408D /* MovieFlixUITests */,
			);
		};
/* End PBXProject section */

/* Begin PBXResourcesBuildPhase section */
		499A52A8214201550040408D /* Resources */ = {
			isa = PBXResourcesBuildPhase;
			buildActionMask = 2147483647;
			files = (
				499A52B8214201560040408D /* LaunchScreen.storyboard in Resources */,
				499A52B5214201560040408D /* Assets.xcassets in Resources */,
				499A52B3214201550040408D /* Main.storyboard in Resources */,
			);
			runOnlyForDeploymentPostprocessing = 0;
		};
		499A52BC214201560040408D /* Resources */ = {
			isa = PBXResourcesBuildPhase;
			buildActionMask = 2147483647;
			files = (
			);
			runOnlyForDeploymentPostprocessing = 0;
		};
		499A52C7214201560040408D /* Resources */ = {
			isa = PBXResourcesBuildPhase;
			buildActionMask = 2147483647;
			files = (
			);
			runOnlyForDeploymentPostprocessing = 0;
		};
/* End PBXResourcesBuildPhase section */

/* Begin PBXShellScriptBuildPhase section */
		15200D40777646121BE20210 /* [CP] Check Pods Manifest.lock */ = {
			isa = PBXShellScriptBuildPhase;
			buildActionMask = 2147483647;
			files = (
			);
			inputPaths = (
				"${PODS_PODFILE_DIR_PATH}/Podfile.lock",
				"${PODS_ROOT}/Manifest.lock",
			);
			name = "[CP] Check Pods Manifest.lock";
			outputPaths = (
				"$(DERIVED_FILE_DIR)/Pods-MovieFlix-MovieFlixTests-checkManifestLockResult.txt",
			);
			runOnlyForDeploymentPostprocessing = 0;
			shellPath = /bin/sh;
			shellScript = "diff \"${PODS_PODFILE_DIR_PATH}/Podfile.lock\" \"${PODS_ROOT}/Manifest.lock\" > /dev/null\nif [ $? != 0 ] ; then\n    # print error to STDERR\n    echo \"error: The sandbox is not in sync with the Podfile.lock. Run 'pod install' or update your CocoaPods installation.\" >&2\n    exit 1\nfi\n# This output is used by Xcode 'outputs' to avoid re-running this script phase.\necho \"SUCCESS\" > \"${SCRIPT_OUTPUT_FILE_0}\"\n";
			showEnvVarsInLog = 0;
		};
		5CD36FC0C4AA78AEE6CA090E /* [CP] Embed Pods Frameworks */ = {
			isa = PBXShellScriptBuildPhase;
			buildActionMask = 2147483647;
			files = (
			);
			inputFileListPaths = (
			);
			inputPaths = (
				"${SRCROOT}/Pods/Target Support Files/Pods-MovieFlix/Pods-MovieFlix-frameworks.sh",
				"${BUILT_PRODUCTS_DIR}/Alamofire/Alamofire.framework",
				"${BUILT_PRODUCTS_DIR}/AlamofireImage/AlamofireImage.framework",
			);
			name = "[CP] Embed Pods Frameworks";
			outputFileListPaths = (
			);
			outputPaths = (
				"${TARGET_BUILD_DIR}/${FRAMEWORKS_FOLDER_PATH}/Alamofire.framework",
				"${TARGET_BUILD_DIR}/${FRAMEWORKS_FOLDER_PATH}/AlamofireImage.framework",
			);
			runOnlyForDeploymentPostprocessing = 0;
			shellPath = /bin/sh;
			shellScript = "\"${SRCROOT}/Pods/Target Support Files/Pods-MovieFlix/Pods-MovieFlix-frameworks.sh\"\n";
			showEnvVarsInLog = 0;
		};
		7F65C1D686CA51682AA773E0 /* [CP] Check Pods Manifest.lock */ = {
			isa = PBXShellScriptBuildPhase;
			buildActionMask = 2147483647;
			files = (
			);
			inputPaths = (
				"${PODS_PODFILE_DIR_PATH}/Podfile.lock",
				"${PODS_ROOT}/Manifest.lock",
			);
			name = "[CP] Check Pods Manifest.lock";
			outputPaths = (
				"$(DERIVED_FILE_DIR)/Pods-MovieFlixUITests-checkManifestLockResult.txt",
			);
			runOnlyForDeploymentPostprocessing = 0;
			shellPath = /bin/sh;
			shellScript = "diff \"${PODS_PODFILE_DIR_PATH}/Podfile.lock\" \"${PODS_ROOT}/Manifest.lock\" > /dev/null\nif [ $? != 0 ] ; then\n    # print error to STDERR\n    echo \"error: The sandbox is not in sync with the Podfile.lock. Run 'pod install' or update your CocoaPods installation.\" >&2\n    exit 1\nfi\n# This output is used by Xcode 'outputs' to avoid re-running this script phase.\necho \"SUCCESS\" > \"${SCRIPT_OUTPUT_FILE_0}\"\n";
			showEnvVarsInLog = 0;
		};
		7FD664AAE91CD6E32FE2FFC0 /* [CP] Check Pods Manifest.lock */ = {
			isa = PBXShellScriptBuildPhase;
			buildActionMask = 2147483647;
			files = (
			);
			inputPaths = (
				"${PODS_PODFILE_DIR_PATH}/Podfile.lock",
				"${PODS_ROOT}/Manifest.lock",
			);
			name = "[CP] Check Pods Manifest.lock";
			outputPaths = (
				"$(DERIVED_FILE_DIR)/Pods-MovieFlix-checkManifestLockResult.txt",
			);
			runOnlyForDeploymentPostprocessing = 0;
			shellPath = /bin/sh;
			shellScript = "diff \"${PODS_PODFILE_DIR_PATH}/Podfile.lock\" \"${PODS_ROOT}/Manifest.lock\" > /dev/null\nif [ $? != 0 ] ; then\n    # print error to STDERR\n    echo \"error: The sandbox is not in sync with the Podfile.lock. Run 'pod install' or update your CocoaPods installation.\" >&2\n    exit 1\nfi\n# This output is used by Xcode 'outputs' to avoid re-running this script phase.\necho \"SUCCESS\" > \"${SCRIPT_OUTPUT_FILE_0}\"\n";
			showEnvVarsInLog = 0;
		};
		F3C265243E3A9018916F3DFE /* [CP] Embed Pods Frameworks */ = {
			isa = PBXShellScriptBuildPhase;
			buildActionMask = 2147483647;
			files = (
			);
			inputPaths = (
				"${SRCROOT}/Pods/Target Support Files/Pods-MovieFlix-MovieFlixTests/Pods-MovieFlix-MovieFlixTests-frameworks.sh",
				"${BUILT_PRODUCTS_DIR}/Alamofire/Alamofire.framework",
				"${BUILT_PRODUCTS_DIR}/AlamofireImage/AlamofireImage.framework",
				"${BUILT_PRODUCTS_DIR}/OAuthSwift/OAuthSwift.framework",
				"${BUILT_PRODUCTS_DIR}/OAuthSwiftAlamofire/OAuthSwiftAlamofire.framework",
			);
			name = "[CP] Embed Pods Frameworks";
			outputPaths = (
				"${TARGET_BUILD_DIR}/${FRAMEWORKS_FOLDER_PATH}/Alamofire.framework",
				"${TARGET_BUILD_DIR}/${FRAMEWORKS_FOLDER_PATH}/AlamofireImage.framework",
				"${TARGET_BUILD_DIR}/${FRAMEWORKS_FOLDER_PATH}/OAuthSwift.framework",
				"${TARGET_BUILD_DIR}/${FRAMEWORKS_FOLDER_PATH}/OAuthSwiftAlamofire.framework",
			);
			runOnlyForDeploymentPostprocessing = 0;
			shellPath = /bin/sh;
			shellScript = "\"${SRCROOT}/Pods/Target Support Files/Pods-MovieFlix-MovieFlixTests/Pods-MovieFlix-MovieFlixTests-frameworks.sh\"\n";
			showEnvVarsInLog = 0;
		};
/* End PBXShellScriptBuildPhase section */

/* Begin PBXSourcesBuildPhase section */
		499A52A6214201550040408D /* Sources */ = {
			isa = PBXSourcesBuildPhase;
			buildActionMask = 2147483647;
			files = (
				499A52DE2143041C0040408D /* NowPlayingViewController.swift in Sources */,
				499A52AE214201550040408D /* AppDelegate.swift in Sources */,
				49F39673214476A4003C863E /* MovieCell.swift in Sources */,
			);
			runOnlyForDeploymentPostprocessing = 0;
		};
		499A52BA214201560040408D /* Sources */ = {
			isa = PBXSourcesBuildPhase;
			buildActionMask = 2147483647;
			files = (
				499A52C3214201560040408D /* MovieFlixTests.swift in Sources */,
			);
			runOnlyForDeploymentPostprocessing = 0;
		};
		499A52C5214201560040408D /* Sources */ = {
			isa = PBXSourcesBuildPhase;
			buildActionMask = 2147483647;
			files = (
				499A52CE214201560040408D /* MovieFlixUITests.swift in Sources */,
			);
			runOnlyForDeploymentPostprocessing = 0;
		};
/* End PBXSourcesBuildPhase section */

/* Begin PBXTargetDependency section */
		499A52C0214201560040408D /* PBXTargetDependency */ = {
			isa = PBXTargetDependency;
			target = 499A52A9214201550040408D /* MovieFlix */;
			targetProxy = 499A52BF214201560040408D /* PBXContainerItemProxy */;
		};
		499A52CB214201560040408D /* PBXTargetDependency */ = {
			isa = PBXTargetDependency;
			target = 499A52A9214201550040408D /* MovieFlix */;
			targetProxy = 499A52CA214201560040408D /* PBXContainerItemProxy */;
		};
/* End PBXTargetDependency section */

/* Begin PBXVariantGroup section */
		499A52B1214201550040408D /* Main.storyboard */ = {
			isa = PBXVariantGroup;
			children = (
				499A52B2214201550040408D /* Base */,
			);
			name = Main.storyboard;
			sourceTree = "<group>";
		};
		499A52B6214201560040408D /* LaunchScreen.storyboard */ = {
			isa = PBXVariantGroup;
			children = (
				499A52B7214201560040408D /* Base */,
			);
			name = LaunchScreen.storyboard;
			sourceTree = "<group>";
		};
/* End PBXVariantGroup section */

/* Begin XCBuildConfiguration section */
		499A52D0214201560040408D /* Debug */ = {
			isa = XCBuildConfiguration;
			buildSettings = {
				ALWAYS_SEARCH_USER_PATHS = NO;
				CLANG_ANALYZER_NONNULL = YES;
				CLANG_ANALYZER_NUMBER_OBJECT_CONVERSION = YES_AGGRESSIVE;
				CLANG_CXX_LANGUAGE_STANDARD = "gnu++14";
				CLANG_CXX_LIBRARY = "libc++";
				CLANG_ENABLE_MODULES = YES;
				CLANG_ENABLE_OBJC_ARC = YES;
				CLANG_ENABLE_OBJC_WEAK = YES;
				CLANG_WARN_BLOCK_CAPTURE_AUTORELEASING = YES;
				CLANG_WARN_BOOL_CONVERSION = YES;
				CLANG_WARN_COMMA = YES;
				CLANG_WARN_CONSTANT_CONVERSION = YES;
				CLANG_WARN_DEPRECATED_OBJC_IMPLEMENTATIONS = YES;
				CLANG_WARN_DIRECT_OBJC_ISA_USAGE = YES_ERROR;
				CLANG_WARN_DOCUMENTATION_COMMENTS = YES;
				CLANG_WARN_EMPTY_BODY = YES;
				CLANG_WARN_ENUM_CONVERSION = YES;
				CLANG_WARN_INFINITE_RECURSION = YES;
				CLANG_WARN_INT_CONVERSION = YES;
				CLANG_WARN_NON_LITERAL_NULL_CONVERSION = YES;
				CLANG_WARN_OBJC_IMPLICIT_RETAIN_SELF = YES;
				CLANG_WARN_OBJC_LITERAL_CONVERSION = YES;
				CLANG_WARN_OBJC_ROOT_CLASS = YES_ERROR;
				CLANG_WARN_RANGE_LOOP_ANALYSIS = YES;
				CLANG_WARN_STRICT_PROTOTYPES = YES;
				CLANG_WARN_SUSPICIOUS_MOVE = YES;
				CLANG_WARN_UNGUARDED_AVAILABILITY = YES_AGGRESSIVE;
				CLANG_WARN_UNREACHABLE_CODE = YES;
				CLANG_WARN__DUPLICATE_METHOD_MATCH = YES;
				CODE_SIGN_IDENTITY = "iPhone Developer";
				COPY_PHASE_STRIP = NO;
				DEBUG_INFORMATION_FORMAT = dwarf;
				ENABLE_STRICT_OBJC_MSGSEND = YES;
				ENABLE_TESTABILITY = YES;
				GCC_C_LANGUAGE_STANDARD = gnu11;
				GCC_DYNAMIC_NO_PIC = NO;
				GCC_NO_COMMON_BLOCKS = YES;
				GCC_OPTIMIZATION_LEVEL = 0;
				GCC_PREPROCESSOR_DEFINITIONS = (
					"DEBUG=1",
					"$(inherited)",
				);
				GCC_WARN_64_TO_32_BIT_CONVERSION = YES;
				GCC_WARN_ABOUT_RETURN_TYPE = YES_ERROR;
				GCC_WARN_UNDECLARED_SELECTOR = YES;
				GCC_WARN_UNINITIALIZED_AUTOS = YES_AGGRESSIVE;
				GCC_WARN_UNUSED_FUNCTION = YES;
				GCC_WARN_UNUSED_VARIABLE = YES;
				IPHONEOS_DEPLOYMENT_TARGET = 11.4;
				MTL_ENABLE_DEBUG_INFO = YES;
				ONLY_ACTIVE_ARCH = YES;
				SDKROOT = iphoneos;
				SWIFT_ACTIVE_COMPILATION_CONDITIONS = DEBUG;
				SWIFT_OPTIMIZATION_LEVEL = "-Onone";
			};
			name = Debug;
		};
		499A52D1214201560040408D /* Release */ = {
			isa = XCBuildConfiguration;
			buildSettings = {
				ALWAYS_SEARCH_USER_PATHS = NO;
				CLANG_ANALYZER_NONNULL = YES;
				CLANG_ANALYZER_NUMBER_OBJECT_CONVERSION = YES_AGGRESSIVE;
				CLANG_CXX_LANGUAGE_STANDARD = "gnu++14";
				CLANG_CXX_LIBRARY = "libc++";
				CLANG_ENABLE_MODULES = YES;
				CLANG_ENABLE_OBJC_ARC = YES;
				CLANG_ENABLE_OBJC_WEAK = YES;
				CLANG_WARN_BLOCK_CAPTURE_AUTORELEASING = YES;
				CLANG_WARN_BOOL_CONVERSION = YES;
				CLANG_WARN_COMMA = YES;
				CLANG_WARN_CONSTANT_CONVERSION = YES;
				CLANG_WARN_DEPRECATED_OBJC_IMPLEMENTATIONS = YES;
				CLANG_WARN_DIRECT_OBJC_ISA_USAGE = YES_ERROR;
				CLANG_WARN_DOCUMENTATION_COMMENTS = YES;
				CLANG_WARN_EMPTY_BODY = YES;
				CLANG_WARN_ENUM_CONVERSION = YES;
				CLANG_WARN_INFINITE_RECURSION = YES;
				CLANG_WARN_INT_CONVERSION = YES;
				CLANG_WARN_NON_LITERAL_NULL_CONVERSION = YES;
				CLANG_WARN_OBJC_IMPLICIT_RETAIN_SELF = YES;
				CLANG_WARN_OBJC_LITERAL_CONVERSION = YES;
				CLANG_WARN_OBJC_ROOT_CLASS = YES_ERROR;
				CLANG_WARN_RANGE_LOOP_ANALYSIS = YES;
				CLANG_WARN_STRICT_PROTOTYPES = YES;
				CLANG_WARN_SUSPICIOUS_MOVE = YES;
				CLANG_WARN_UNGUARDED_AVAILABILITY = YES_AGGRESSIVE;
				CLANG_WARN_UNREACHABLE_CODE = YES;
				CLANG_WARN__DUPLICATE_METHOD_MATCH = YES;
				CODE_SIGN_IDENTITY = "iPhone Developer";
				COPY_PHASE_STRIP = NO;
				DEBUG_INFORMATION_FORMAT = "dwarf-with-dsym";
				ENABLE_NS_ASSERTIONS = NO;
				ENABLE_STRICT_OBJC_MSGSEND = YES;
				GCC_C_LANGUAGE_STANDARD = gnu11;
				GCC_NO_COMMON_BLOCKS = YES;
				GCC_WARN_64_TO_32_BIT_CONVERSION = YES;
				GCC_WARN_ABOUT_RETURN_TYPE = YES_ERROR;
				GCC_WARN_UNDECLARED_SELECTOR = YES;
				GCC_WARN_UNINITIALIZED_AUTOS = YES_AGGRESSIVE;
				GCC_WARN_UNUSED_FUNCTION = YES;
				GCC_WARN_UNUSED_VARIABLE = YES;
				IPHONEOS_DEPLOYMENT_TARGET = 11.4;
				MTL_ENABLE_DEBUG_INFO = NO;
				SDKROOT = iphoneos;
				SWIFT_COMPILATION_MODE = wholemodule;
				SWIFT_OPTIMIZATION_LEVEL = "-O";
				VALIDATE_PRODUCT = YES;
			};
			name = Release;
		};
		499A52D3214201560040408D /* Debug */ = {
			isa = XCBuildConfiguration;
			baseConfigurationReference = E0F7A07B2B8D13A2E61E88AA /* Pods-MovieFlix.debug.xcconfig */;
			buildSettings = {
				ASSETCATALOG_COMPILER_APPICON_NAME = AppIcon;
				CODE_SIGN_STYLE = Automatic;
				INFOPLIST_FILE = MovieFlix/Info.plist;
				LD_RUNPATH_SEARCH_PATHS = (
					"$(inherited)",
					"@executable_path/Frameworks",
				);
				PRODUCT_BUNDLE_IDENTIFIER = claudia.MovieFlix;
				PRODUCT_NAME = "$(TARGET_NAME)";
				SWIFT_VERSION = 4.0;
				TARGETED_DEVICE_FAMILY = "1,2";
			};
			name = Debug;
		};
		499A52D4214201560040408D /* Release */ = {
			isa = XCBuildConfiguration;
			baseConfigurationReference = F16925D179CB90E0D5853309 /* Pods-MovieFlix.release.xcconfig */;
			buildSettings = {
				ASSETCATALOG_COMPILER_APPICON_NAME = AppIcon;
				CODE_SIGN_STYLE = Automatic;
				INFOPLIST_FILE = MovieFlix/Info.plist;
				LD_RUNPATH_SEARCH_PATHS = (
					"$(inherited)",
					"@executable_path/Frameworks",
				);
				PRODUCT_BUNDLE_IDENTIFIER = claudia.MovieFlix;
				PRODUCT_NAME = "$(TARGET_NAME)";
				SWIFT_VERSION = 4.0;
				TARGETED_DEVICE_FAMILY = "1,2";
			};
			name = Release;
		};
		499A52D6214201560040408D /* Debug */ = {
			isa = XCBuildConfiguration;
			baseConfigurationReference = F6130CB3499004110DF36401 /* Pods-MovieFlix-MovieFlixTests.debug.xcconfig */;
			buildSettings = {
				ALWAYS_EMBED_SWIFT_STANDARD_LIBRARIES = YES;
				BUNDLE_LOADER = "$(TEST_HOST)";
				CODE_SIGN_STYLE = Automatic;
				INFOPLIST_FILE = MovieFlixTests/Info.plist;
				LD_RUNPATH_SEARCH_PATHS = (
					"$(inherited)",
					"@executable_path/Frameworks",
					"@loader_path/Frameworks",
				);
				PRODUCT_BUNDLE_IDENTIFIER = claudia.MovieFlixTests;
				PRODUCT_NAME = "$(TARGET_NAME)";
				SWIFT_VERSION = 4.0;
				TARGETED_DEVICE_FAMILY = "1,2";
				TEST_HOST = "$(BUILT_PRODUCTS_DIR)/MovieFlix.app/MovieFlix";
			};
			name = Debug;
		};
		499A52D7214201560040408D /* Release */ = {
			isa = XCBuildConfiguration;
			baseConfigurationReference = 1B0C9F2847804D5BB35B7B80 /* Pods-MovieFlix-MovieFlixTests.release.xcconfig */;
			buildSettings = {
				ALWAYS_EMBED_SWIFT_STANDARD_LIBRARIES = YES;
				BUNDLE_LOADER = "$(TEST_HOST)";
				CODE_SIGN_STYLE = Automatic;
				INFOPLIST_FILE = MovieFlixTests/Info.plist;
				LD_RUNPATH_SEARCH_PATHS = (
					"$(inherited)",
					"@executable_path/Frameworks",
					"@loader_path/Frameworks",
				);
				PRODUCT_BUNDLE_IDENTIFIER = claudia.MovieFlixTests;
				PRODUCT_NAME = "$(TARGET_NAME)";
				SWIFT_VERSION = 4.0;
				TARGETED_DEVICE_FAMILY = "1,2";
				TEST_HOST = "$(BUILT_PRODUCTS_DIR)/MovieFlix.app/MovieFlix";
			};
			name = Release;
		};
		499A52D9214201560040408D /* Debug */ = {
			isa = XCBuildConfiguration;
			baseConfigurationReference = 60C0AD90858198468B494161 /* Pods-MovieFlixUITests.debug.xcconfig */;
			buildSettings = {
				ALWAYS_EMBED_SWIFT_STANDARD_LIBRARIES = YES;
				CODE_SIGN_STYLE = Automatic;
				INFOPLIST_FILE = MovieFlixUITests/Info.plist;
				LD_RUNPATH_SEARCH_PATHS = (
					"$(inherited)",
					"@executable_path/Frameworks",
					"@loader_path/Frameworks",
				);
				PRODUCT_BUNDLE_IDENTIFIER = claudia.MovieFlixUITests;
				PRODUCT_NAME = "$(TARGET_NAME)";
				SWIFT_VERSION = 4.0;
				TARGETED_DEVICE_FAMILY = "1,2";
				TEST_TARGET_NAME = MovieFlix;
			};
			name = Debug;
		};
		499A52DA214201560040408D /* Release */ = {
			isa = XCBuildConfiguration;
			baseConfigurationReference = EF2E12574830C075D5B3F4E4 /* Pods-MovieFlixUITests.release.xcconfig */;
			buildSettings = {
				ALWAYS_EMBED_SWIFT_STANDARD_LIBRARIES = YES;
				CODE_SIGN_STYLE = Automatic;
				INFOPLIST_FILE = MovieFlixUITests/Info.plist;
				LD_RUNPATH_SEARCH_PATHS = (
					"$(inherited)",
					"@executable_path/Frameworks",
					"@loader_path/Frameworks",
				);
				PRODUCT_BUNDLE_IDENTIFIER = claudia.MovieFlixUITests;
				PRODUCT_NAME = "$(TARGET_NAME)";
				SWIFT_VERSION = 4.0;
				TARGETED_DEVICE_FAMILY = "1,2";
				TEST_TARGET_NAME = MovieFlix;
			};
			name = Release;
		};
/* End XCBuildConfiguration section */

/* Begin XCConfigurationList section */
		499A52A5214201550040408D /* Build configuration list for PBXProject "MovieFlix" */ = {
			isa = XCConfigurationList;
			buildConfigurations = (
				499A52D0214201560040408D /* Debug */,
				499A52D1214201560040408D /* Release */,
			);
			defaultConfigurationIsVisible = 0;
			defaultConfigurationName = Release;
		};
		499A52D2214201560040408D /* Build configuration list for PBXNativeTarget "MovieFlix" */ = {
			isa = XCConfigurationList;
			buildConfigurations = (
				499A52D3214201560040408D /* Debug */,
				499A52D4214201560040408D /* Release */,
			);
			defaultConfigurationIsVisible = 0;
			defaultConfigurationName = Release;
		};
		499A52D5214201560040408D /* Build configuration list for PBXNativeTarget "MovieFlixTests" */ = {
			isa = XCConfigurationList;
			buildConfigurations = (
				499A52D6214201560040408D /* Debug */,
				499A52D7214201560040408D /* Release */,
			);
			defaultConfigurationIsVisible = 0;
			defaultConfigurationName = Release;
		};
		499A52D8214201560040408D /* Build configuration list for PBXNativeTarget "MovieFlixUITests" */ = {
			isa = XCConfigurationList;
			buildConfigurations = (
				499A52D9214201560040408D /* Debug */,
				499A52DA214201560040408D /* Release */,
			);
			defaultConfigurationIsVisible = 0;
			defaultConfigurationName = Release;
		};
/* End XCConfigurationList section */
	};
	rootObject = 499A52A2214201550040408D /* Project object */;
}
